
Microsoft Visual Studio Solution File, Format Version 12.00
# Visual Studio Version 16
VisualStudioVersion = 16.0.29709.97
MinimumVisualStudioVersion = 10.0.40219.1
Project("{FAE04EC0-301F-11D3-BF4B-00C04F79EFBC}") = "WebApplication1", "WebApplication1\WebApplication1.csproj", "{E741E54A-3861-4CB0-AE5A-1622A634BB34}"
EndProject
Global
	GlobalSection(SolutionConfigurationPlatforms) = preSolution
		Debug|Any CPU = Debug|Any CPU
		Release|Any CPU = Release|Any CPU
	EndGlobalSection
	GlobalSection(ProjectConfigurationPlatforms) = postSolution
		{E741E54A-3861-4CB0-AE5A-1622A634BB34}.Debug|Any CPU.ActiveCfg = Debug|Any CPU
		{E741E54A-3861-4CB0-AE5A-1622A634BB34}.Debug|Any CPU.Build.0 = Debug|Any CPU
		{E741E54A-3861-4CB0-AE5A-1622A634BB34}.Release|Any CPU.ActiveCfg = Release|Any CPU
		{E741E54A-3861-4CB0-AE5A-1622A634BB34}.Release|Any CPU.Build.0 = Release|Any CPU
	EndGlobalSection
	GlobalSection(SolutionProperties) = preSolution
		HideSolutionNode = FALSE
	EndGlobalSection
	GlobalSection(ExtensibilityGlobals) = postSolution
		SolutionGuid = {44A22751-0BC4-4AC8-B181-561C5CCF21A9}
	EndGlobalSection
EndGlobal
