
Microsoft Visual Studio Solution File, Format Version 12.00
# Visual Studio Version 16
VisualStudioVersion = 16.0.29709.97
MinimumVisualStudioVersion = 10.0.40219.1
Project("{9A19103F-16F7-4668-BE54-9A1E7A4F7556}") = "Application", "Application\Application.csproj", "{2971D77E-C2E6-4ECC-B823-6BC6951C7DA4}"
EndProject
Project("{FAE04EC0-301F-11D3-BF4B-00C04F79EFBC}") = "DataLibrary", "DataLibrary\DataLibrary.csproj", "{BC2581D7-0D50-47F2-A198-CCC389B6178A}"
EndProject
Global
	GlobalSection(SolutionConfigurationPlatforms) = preSolution
		Debug|Any CPU = Debug|Any CPU
		Release|Any CPU = Release|Any CPU
	EndGlobalSection
	GlobalSection(ProjectConfigurationPlatforms) = postSolution
		{2971D77E-C2E6-4ECC-B823-6BC6951C7DA4}.Debug|Any CPU.ActiveCfg = Debug|Any CPU
		{2971D77E-C2E6-4ECC-B823-6BC6951C7DA4}.Debug|Any CPU.Build.0 = Debug|Any CPU
		{2971D77E-C2E6-4ECC-B823-6BC6951C7DA4}.Release|Any CPU.ActiveCfg = Release|Any CPU
		{2971D77E-C2E6-4ECC-B823-6BC6951C7DA4}.Release|Any CPU.Build.0 = Release|Any CPU
		{BC2581D7-0D50-47F2-A198-CCC389B6178A}.Debug|Any CPU.ActiveCfg = Debug|Any CPU
		{BC2581D7-0D50-47F2-A198-CCC389B6178A}.Debug|Any CPU.Build.0 = Debug|Any CPU
		{BC2581D7-0D50-47F2-A198-CCC389B6178A}.Release|Any CPU.ActiveCfg = Release|Any CPU
		{BC2581D7-0D50-47F2-A198-CCC389B6178A}.Release|Any CPU.Build.0 = Release|Any CPU
	EndGlobalSection
	GlobalSection(SolutionProperties) = preSolution
		HideSolutionNode = FALSE
	EndGlobalSection
	GlobalSection(ExtensibilityGlobals) = postSolution
		SolutionGuid = {44A22751-0BC4-4AC8-B181-561C5CCF21A9}
	EndGlobalSection
EndGlobal
